
Microsoft Visual Studio Solution File, Format Version 12.00
# Visual Studio Version 16
VisualStudioVersion = 16.0.30523.141
MinimumVisualStudioVersion = 10.0.40219.1
Project("{2150E333-8FDC-42A3-9474-1A3956D46DE8}") = "0.1-UI", "0.1-UI", "{77F02D77-D988-4D35-B152-585BC3DE1437}"
EndProject
Project("{2150E333-8FDC-42A3-9474-1A3956D46DE8}") = "0.2-Buisiness Logic", "0.2-Buisiness Logic", "{4F7CD54A-5473-4B8B-95D2-5C7729E36EB4}"
EndProject
Project("{2150E333-8FDC-42A3-9474-1A3956D46DE8}") = "0.3- Data Access Layer", "0.3- Data Access Layer", "{63FDCF54-1BB4-4397-B67F-651D9A9E1B6A}"
EndProject
Project("{2150E333-8FDC-42A3-9474-1A3956D46DE8}") = "0.0-Common", "0.0-Common", "{6583BF1A-5151-416F-98B7-0062C924FA56}"
EndProject
Project("{9A19103F-16F7-4668-BE54-9A1E7A4F7556}") = "MyWeb.ViewModels", "MyWeb.viewmodel\MyWeb.ViewModels.csproj", "{205F68C6-D4F4-4FF5-AA2C-80B7AA96C08B}"
EndProject
Project("{9A19103F-16F7-4668-BE54-9A1E7A4F7556}") = "MyWebLapTop.Data", "MyWebLapTop.Data\MyWebLapTop.Data.csproj", "{FE781269-C510-4D71-9EE2-477ACD96F573}"
EndProject
Project("{9A19103F-16F7-4668-BE54-9A1E7A4F7556}") = "MyWeb.Utilities", "MyWeb.Utilities\MyWeb.Utilities.csproj", "{836D4BA5-C71B-4967-B855-B11864536619}"
EndProject
Project("{9A19103F-16F7-4668-BE54-9A1E7A4F7556}") = "MyWeb.Application", "MyWeb.Application\MyWeb.Application.csproj", "{D8DC78BA-DD79-4746-868E-8C3F542AD3A5}"
EndProject
Project("{9A19103F-16F7-4668-BE54-9A1E7A4F7556}") = "MyWeb.BackendApi", "MyWeb.BackendApi\MyWeb.BackendApi.csproj", "{5070F999-96FA-4FF3-B6D1-A0E79652F433}"
EndProject
Project("{9A19103F-16F7-4668-BE54-9A1E7A4F7556}") = "MyWebAdminApp", "MyWebAdminApp\MyWebAdminApp.csproj", "{903214A1-54C2-4FFA-996A-09FCFE49391E}"
EndProject
Project("{2150E333-8FDC-42A3-9474-1A3956D46DE8}") = "Font-end", "Font-end", "{745F815A-268B-4271-8FB9-B8FD64C32A76}"
EndProject
Project("{9A19103F-16F7-4668-BE54-9A1E7A4F7556}") = "MyWeb.App", "MyWeb.App\MyWeb.App.csproj", "{81FE2864-2FED-413C-A147-B2D7169B2543}"
EndProject
Project("{9A19103F-16F7-4668-BE54-9A1E7A4F7556}") = "MyWeb.ApiIntegration", "MyWeb.ApiIntegration\MyWeb.ApiIntegration.csproj", "{3FBCE599-E3D3-4A87-9552-BA08616900E8}"
EndProject
Project("{FAE04EC0-301F-11D3-BF4B-00C04F79EFBC}") = "WebChat.App", "WebChat.App\WebChat.App.csproj", "{2B4214EA-EB56-4E86-98D1-C34ED8D6E15A}"
EndProject
Global
	GlobalSection(SolutionConfigurationPlatforms) = preSolution
		Debug|Any CPU = Debug|Any CPU
		Release|Any CPU = Release|Any CPU
	EndGlobalSection
	GlobalSection(ProjectConfigurationPlatforms) = postSolution
		{205F68C6-D4F4-4FF5-AA2C-80B7AA96C08B}.Debug|Any CPU.ActiveCfg = Debug|Any CPU
		{205F68C6-D4F4-4FF5-AA2C-80B7AA96C08B}.Debug|Any CPU.Build.0 = Debug|Any CPU
		{205F68C6-D4F4-4FF5-AA2C-80B7AA96C08B}.Release|Any CPU.ActiveCfg = Release|Any CPU
		{205F68C6-D4F4-4FF5-AA2C-80B7AA96C08B}.Release|Any CPU.Build.0 = Release|Any CPU
		{FE781269-C510-4D71-9EE2-477ACD96F573}.Debug|Any CPU.ActiveCfg = Debug|Any CPU
		{FE781269-C510-4D71-9EE2-477ACD96F573}.Debug|Any CPU.Build.0 = Debug|Any CPU
		{FE781269-C510-4D71-9EE2-477ACD96F573}.Release|Any CPU.ActiveCfg = Release|Any CPU
		{FE781269-C510-4D71-9EE2-477ACD96F573}.Release|Any CPU.Build.0 = Release|Any CPU
		{836D4BA5-C71B-4967-B855-B11864536619}.Debug|Any CPU.ActiveCfg = Debug|Any CPU
		{836D4BA5-C71B-4967-B855-B11864536619}.Debug|Any CPU.Build.0 = Debug|Any CPU
		{836D4BA5-C71B-4967-B855-B11864536619}.Release|Any CPU.ActiveCfg = Release|Any CPU
		{836D4BA5-C71B-4967-B855-B11864536619}.Release|Any CPU.Build.0 = Release|Any CPU
		{D8DC78BA-DD79-4746-868E-8C3F542AD3A5}.Debug|Any CPU.ActiveCfg = Debug|Any CPU
		{D8DC78BA-DD79-4746-868E-8C3F542AD3A5}.Debug|Any CPU.Build.0 = Debug|Any CPU
		{D8DC78BA-DD79-4746-868E-8C3F542AD3A5}.Release|Any CPU.ActiveCfg = Release|Any CPU
		{D8DC78BA-DD79-4746-868E-8C3F542AD3A5}.Release|Any CPU.Build.0 = Release|Any CPU
		{5070F999-96FA-4FF3-B6D1-A0E79652F433}.Debug|Any CPU.ActiveCfg = Debug|Any CPU
		{5070F999-96FA-4FF3-B6D1-A0E79652F433}.Debug|Any CPU.Build.0 = Debug|Any CPU
		{5070F999-96FA-4FF3-B6D1-A0E79652F433}.Release|Any CPU.ActiveCfg = Release|Any CPU
		{5070F999-96FA-4FF3-B6D1-A0E79652F433}.Release|Any CPU.Build.0 = Release|Any CPU
		{903214A1-54C2-4FFA-996A-09FCFE49391E}.Debug|Any CPU.ActiveCfg = Debug|Any CPU
		{903214A1-54C2-4FFA-996A-09FCFE49391E}.Debug|Any CPU.Build.0 = Debug|Any CPU
		{903214A1-54C2-4FFA-996A-09FCFE49391E}.Release|Any CPU.ActiveCfg = Release|Any CPU
		{903214A1-54C2-4FFA-996A-09FCFE49391E}.Release|Any CPU.Build.0 = Release|Any CPU
		{81FE2864-2FED-413C-A147-B2D7169B2543}.Debug|Any CPU.ActiveCfg = Debug|Any CPU
		{81FE2864-2FED-413C-A147-B2D7169B2543}.Debug|Any CPU.Build.0 = Debug|Any CPU
		{81FE2864-2FED-413C-A147-B2D7169B2543}.Release|Any CPU.ActiveCfg = Release|Any CPU
		{81FE2864-2FED-413C-A147-B2D7169B2543}.Release|Any CPU.Build.0 = Release|Any CPU
		{3FBCE599-E3D3-4A87-9552-BA08616900E8}.Debug|Any CPU.ActiveCfg = Debug|Any CPU
		{3FBCE599-E3D3-4A87-9552-BA08616900E8}.Debug|Any CPU.Build.0 = Debug|Any CPU
		{3FBCE599-E3D3-4A87-9552-BA08616900E8}.Release|Any CPU.ActiveCfg = Release|Any CPU
		{3FBCE599-E3D3-4A87-9552-BA08616900E8}.Release|Any CPU.Build.0 = Release|Any CPU
		{2B4214EA-EB56-4E86-98D1-C34ED8D6E15A}.Debug|Any CPU.ActiveCfg = Debug|Any CPU
		{2B4214EA-EB56-4E86-98D1-C34ED8D6E15A}.Debug|Any CPU.Build.0 = Debug|Any CPU
		{2B4214EA-EB56-4E86-98D1-C34ED8D6E15A}.Release|Any CPU.ActiveCfg = Release|Any CPU
		{2B4214EA-EB56-4E86-98D1-C34ED8D6E15A}.Release|Any CPU.Build.0 = Release|Any CPU
	EndGlobalSection
	GlobalSection(SolutionProperties) = preSolution
		HideSolutionNode = FALSE
	EndGlobalSection
	GlobalSection(NestedProjects) = preSolution
		{205F68C6-D4F4-4FF5-AA2C-80B7AA96C08B} = {4F7CD54A-5473-4B8B-95D2-5C7729E36EB4}
		{FE781269-C510-4D71-9EE2-477ACD96F573} = {63FDCF54-1BB4-4397-B67F-651D9A9E1B6A}
		{836D4BA5-C71B-4967-B855-B11864536619} = {4F7CD54A-5473-4B8B-95D2-5C7729E36EB4}
		{D8DC78BA-DD79-4746-868E-8C3F542AD3A5} = {4F7CD54A-5473-4B8B-95D2-5C7729E36EB4}
		{5070F999-96FA-4FF3-B6D1-A0E79652F433} = {77F02D77-D988-4D35-B152-585BC3DE1437}
		{903214A1-54C2-4FFA-996A-09FCFE49391E} = {77F02D77-D988-4D35-B152-585BC3DE1437}
		{81FE2864-2FED-413C-A147-B2D7169B2543} = {745F815A-268B-4271-8FB9-B8FD64C32A76}
		{3FBCE599-E3D3-4A87-9552-BA08616900E8} = {77F02D77-D988-4D35-B152-585BC3DE1437}
		{2B4214EA-EB56-4E86-98D1-C34ED8D6E15A} = {6583BF1A-5151-416F-98B7-0062C924FA56}
	EndGlobalSection
	GlobalSection(ExtensibilityGlobals) = postSolution
		SolutionGuid = {415AD504-C282-49BF-84F3-712745E75C28}
	EndGlobalSection
EndGlobal
